
Microsoft Visual Studio Solution File, Format Version 12.00
# Visual Studio Version 16
VisualStudioVersion = 16.0.34114.132
MinimumVisualStudioVersion = 10.0.40219.1
Project("{C9674DCB-5085-4A16-B785-4C70DD1589BD}") = "Region_Mobility_ETL", "Region_Mobility_ETL\Region_Mobility_ETL.dtproj", "{4ABC3EFB-8A74-4A15-BB28-A3D60B385667}"
EndProject
Global
	GlobalSection(SolutionConfigurationPlatforms) = preSolution
		Development|Default = Development|Default
	EndGlobalSection
	GlobalSection(ProjectConfigurationPlatforms) = postSolution
		{4ABC3EFB-8A74-4A15-BB28-A3D60B385667}.Development|Default.ActiveCfg = Development
		{4ABC3EFB-8A74-4A15-BB28-A3D60B385667}.Development|Default.Build.0 = Development
	EndGlobalSection
	GlobalSection(SolutionProperties) = preSolution
		HideSolutionNode = FALSE
	EndGlobalSection
	GlobalSection(ExtensibilityGlobals) = postSolution
		SolutionGuid = {354D9D19-8E63-4DBC-AEC3-750BD8CB30E2}
	EndGlobalSection
EndGlobal
