
Microsoft Visual Studio Solution File, Format Version 12.00
# Visual Studio Version 16
VisualStudioVersion = 16.0.34114.132
MinimumVisualStudioVersion = 10.0.40219.1
Project("{C9674DCB-5085-4A16-B785-4C70DD1589BD}") = "Northwind_ETL", "Northwind_ETL\Northwind_ETL.dtproj", "{EC18AB03-A481-4B24-8949-ED0C7DD1D2DF}"
EndProject
Global
	GlobalSection(SolutionConfigurationPlatforms) = preSolution
		Development|Default = Development|Default
	EndGlobalSection
	GlobalSection(ProjectConfigurationPlatforms) = postSolution
		{EC18AB03-A481-4B24-8949-ED0C7DD1D2DF}.Development|Default.ActiveCfg = Development
		{EC18AB03-A481-4B24-8949-ED0C7DD1D2DF}.Development|Default.Build.0 = Development
	EndGlobalSection
	GlobalSection(SolutionProperties) = preSolution
		HideSolutionNode = FALSE
	EndGlobalSection
	GlobalSection(ExtensibilityGlobals) = postSolution
		SolutionGuid = {E6C3800B-524F-40F7-9FFE-D7E4D44FAB9E}
	EndGlobalSection
EndGlobal
